{
  "name": "pareto-20",
  "version": "0.0.1",
  "lockfileVersion": 1,
  "requires": true,
  "dependencies": {
    "pareto": {
      "version": "0.26.0",
      "resolved": "https://registry.npmjs.org/pareto/-/pareto-0.26.0.tgz",
      "integrity": "sha512-+dHhY+vFCft6t40K30YVLkZ0moYNanIwtQpyLQalj6nDh8DOgSLepuXTblm5k+vp7yHePkgu9KZADCfp7jSDOg==",
      "requires": {
        "pareto-api": "^0.11.0"
      }
    },
    "pareto-api": {
      "version": "0.11.0",
      "resolved": "https://registry.npmjs.org/pareto-api/-/pareto-api-0.11.0.tgz",
      "integrity": "sha512-BV2aA8682Z4ol95CU7BtGyvGzwwzf/vz0nwRcG4DLTibfs1CZeUZY6ZvwUu2LYoJQXqP6x1YqFhu+UkAUkgIVQ=="
    }
  }
}
